
Microsoft Visual Studio Solution File, Format Version 12.00
# Visual Studio Version 17
VisualStudioVersion = 17.1.32421.90
MinimumVisualStudioVersion = 10.0.40219.1
Project("{FAE04EC0-301F-11D3-BF4B-00C04F79EFBC}") = "Software", "Software\Software.csproj", "{6FE0A46A-83D2-4A7A-8DE4-4217A48C248B}"
EndProject
Global
	GlobalSection(SolutionConfigurationPlatforms) = preSolution
		Debug|Any CPU = Debug|Any CPU
		Release|Any CPU = Release|Any CPU
	EndGlobalSection
	GlobalSection(ProjectConfigurationPlatforms) = postSolution
		{6FE0A46A-83D2-4A7A-8DE4-4217A48C248B}.Debug|Any CPU.ActiveCfg = Debug|Any CPU
		{6FE0A46A-83D2-4A7A-8DE4-4217A48C248B}.Debug|Any CPU.Build.0 = Debug|Any CPU
		{6FE0A46A-83D2-4A7A-8DE4-4217A48C248B}.Release|Any CPU.ActiveCfg = Release|Any CPU
		{6FE0A46A-83D2-4A7A-8DE4-4217A48C248B}.Release|Any CPU.Build.0 = Release|Any CPU
	EndGlobalSection
	GlobalSection(SolutionProperties) = preSolution
		HideSolutionNode = FALSE
	EndGlobalSection
	GlobalSection(ExtensibilityGlobals) = postSolution
		SolutionGuid = {878D4BE9-6BFE-4A46-A3C2-D79EA726E1BF}
	EndGlobalSection
EndGlobal
